// !$*UTF8*$!
{
	archiveVersion = 1;
	classes = {
	};
	objectVersion = 48;
	objects = {

/* Begin PBXBuildFile section */
		7419C3E61F75FC220062981C /* TextFieldDelegate.swift in Sources */ = {isa = PBXBuildFile; fileRef = 7419C3E51F75FC220062981C /* TextFieldDelegate.swift */; };
		7449A04F1F79E4FB00F46AF8 /* impact.ttf in Resources */ = {isa = PBXBuildFile; fileRef = 7449A04E1F79E4FB00F46AF8 /* impact.ttf */; };
		7449A0501F79E54700F46AF8 /* impact.ttf in Sources */ = {isa = PBXBuildFile; fileRef = 7449A04E1F79E4FB00F46AF8 /* impact.ttf */; };
		7492073B1F76070500EA84E3 /* ViewController+KeyboardExtension.swift in Sources */ = {isa = PBXBuildFile; fileRef = 7492073A1F76070500EA84E3 /* ViewController+KeyboardExtension.swift */; };
		74D569C71F78958D0039F861 /* Meme.swift in Sources */ = {isa = PBXBuildFile; fileRef = 74D569C61F78958D0039F861 /* Meme.swift */; };
		74EED5101F7494F50087B6BC /* AppDelegate.swift in Sources */ = {isa = PBXBuildFile; fileRef = 74EED50F1F7494F50087B6BC /* AppDelegate.swift */; };
		74EED5121F7494F50087B6BC /* ViewController.swift in Sources */ = {isa = PBXBuildFile; fileRef = 74EED5111F7494F50087B6BC /* ViewController.swift */; };
		74EED5151F7494F50087B6BC /* Main.storyboard in Resources */ = {isa = PBXBuildFile; fileRef = 74EED5131F7494F50087B6BC /* Main.storyboard */; };
		74EED5171F7494F50087B6BC /* Assets.xcassets in Resources */ = {isa = PBXBuildFile; fileRef = 74EED5161F7494F50087B6BC /* Assets.xcassets */; };
		74EED51A1F7494F50087B6BC /* LaunchScreen.storyboard in Resources */ = {isa = PBXBuildFile; fileRef = 74EED5181F7494F50087B6BC /* LaunchScreen.storyboard */; };
/* End PBXBuildFile section */

/* Begin PBXFileReference section */
		7419C3E51F75FC220062981C /* TextFieldDelegate.swift */ = {isa = PBXFileReference; lastKnownFileType = sourcecode.swift; path = TextFieldDelegate.swift; sourceTree = "<group>"; };
		7449A04E1F79E4FB00F46AF8 /* impact.ttf */ = {isa = PBXFileReference; lastKnownFileType = file; path = impact.ttf; sourceTree = "<group>"; };
		7492073A1F76070500EA84E3 /* ViewController+KeyboardExtension.swift */ = {isa = PBXFileReference; lastKnownFileType = sourcecode.swift; path = "ViewController+KeyboardExtension.swift"; sourceTree = "<group>"; };
		74D569C61F78958D0039F861 /* Meme.swift */ = {isa = PBXFileReference; lastKnownFileType = sourcecode.swift; path = Meme.swift; sourceTree = "<group>"; };
		74EED50C1F7494F50087B6BC /* MemeMe.app */ = {isa = PBXFileReference; explicitFileType = wrapper.application; includeInIndex = 0; path = MemeMe.app; sourceTree = BUILT_PRODUCTS_DIR; };
		74EED50F1F7494F50087B6BC /* AppDelegate.swift */ = {isa = PBXFileReference; lastKnownFileType = sourcecode.swift; path = AppDelegate.swift; sourceTree = "<group>"; };
		74EED5111F7494F50087B6BC /* ViewController.swift */ = {isa = PBXFileReference; lastKnownFileType = sourcecode.swift; path = ViewController.swift; sourceTree = "<group>"; };
		74EED5141F7494F50087B6BC /* Base */ = {isa = PBXFileReference; lastKnownFileType = file.storyboard; name = Base; path = Base.lproj/Main.storyboard; sourceTree = "<group>"; };
		74EED5161F7494F50087B6BC /* Assets.xcassets */ = {isa = PBXFileReference; lastKnownFileType = folder.assetcatalog; path = Assets.xcassets; sourceTree = "<group>"; };
		74EED5191F7494F50087B6BC /* Base */ = {isa = PBXFileReference; lastKnownFileType = file.storyboard; name = Base; path = Base.lproj/LaunchScreen.storyboard; sourceTree = "<group>"; };
		74EED51B1F7494F50087B6BC /* Info.plist */ = {isa = PBXFileReference; lastKnownFileType = text.plist.xml; path = Info.plist; sourceTree = "<group>"; };
/* End PBXFileReference section */

/* Begin PBXFrameworksBuildPhase section */
		74EED5091F7494F50087B6BC /* Frameworks */ = {
			isa = PBXFrameworksBuildPhase;
			buildActionMask = 2147483647;
			files = (
			);
			runOnlyForDeploymentPostprocessing = 0;
		};
/* End PBXFrameworksBuildPhase section */

/* Begin PBXGroup section */
		7449A04C1F79E48E00F46AF8 /* Resources */ = {
			isa = PBXGroup;
			children = (
				7449A04D1F79E4CA00F46AF8 /* Fonts */,
			);
			path = Resources;
			sourceTree = "<group>";
		};
		7449A04D1F79E4CA00F46AF8 /* Fonts */ = {
			isa = PBXGroup;
			children = (
				7449A04E1F79E4FB00F46AF8 /* impact.ttf */,
			);
			path = Fonts;
			sourceTree = "<group>";
		};
		749207391F7606D800EA84E3 /* Extesions */ = {
			isa = PBXGroup;
			children = (
				7492073A1F76070500EA84E3 /* ViewController+KeyboardExtension.swift */,
			);
			path = Extesions;
			sourceTree = "<group>";
		};
		74D569C51F78957F0039F861 /* Model */ = {
			isa = PBXGroup;
			children = (
				74D569C61F78958D0039F861 /* Meme.swift */,
			);
			path = Model;
			sourceTree = "<group>";
		};
		74EED5031F7494F40087B6BC = {
			isa = PBXGroup;
			children = (
				74EED50E1F7494F50087B6BC /* MemeMe */,
				74EED50D1F7494F50087B6BC /* Products */,
			);
			sourceTree = "<group>";
		};
		74EED50D1F7494F50087B6BC /* Products */ = {
			isa = PBXGroup;
			children = (
				74EED50C1F7494F50087B6BC /* MemeMe.app */,
			);
			name = Products;
			sourceTree = "<group>";
		};
		74EED50E1F7494F50087B6BC /* MemeMe */ = {
			isa = PBXGroup;
			children = (
				74D569C51F78957F0039F861 /* Model */,
				749207391F7606D800EA84E3 /* Extesions */,
				7449A04C1F79E48E00F46AF8 /* Resources */,
				74EED50F1F7494F50087B6BC /* AppDelegate.swift */,
				74EED5111F7494F50087B6BC /* ViewController.swift */,
				74EED5161F7494F50087B6BC /* Assets.xcassets */,
				74EED5131F7494F50087B6BC /* Main.storyboard */,
				74EED5181F7494F50087B6BC /* LaunchScreen.storyboard */,
				74EED51B1F7494F50087B6BC /* Info.plist */,
				7419C3E51F75FC220062981C /* TextFieldDelegate.swift */,
			);
			path = MemeMe;
			sourceTree = "<group>";
		};
/* End PBXGroup section */

/* Begin PBXNativeTarget section */
		74EED50B1F7494F50087B6BC /* MemeMe */ = {
			isa = PBXNativeTarget;
			buildConfigurationList = 74EED51E1F7494F50087B6BC /* Build configuration list for PBXNativeTarget "MemeMe" */;
			buildPhases = (
				74EED5081F7494F50087B6BC /* Sources */,
				74EED5091F7494F50087B6BC /* Frameworks */,
				74EED50A1F7494F50087B6BC /* Resources */,
			);
			buildRules = (
			);
			dependencies = (
			);
			name = MemeMe;
			productName = MemeMe_1;
			productReference = 74EED50C1F7494F50087B6BC /* MemeMe.app */;
			productType = "com.apple.product-type.application";
		};
/* End PBXNativeTarget section */

/* Begin PBXProject section */
		74EED5041F7494F40087B6BC /* Project object */ = {
			isa = PBXProject;
			attributes = {
				LastSwiftUpdateCheck = 0900;
				LastUpgradeCheck = 0900;
				ORGANIZATIONNAME = TNTStudios;
				TargetAttributes = {
					74EED50B1F7494F50087B6BC = {
						CreatedOnToolsVersion = 9.0;
						ProvisioningStyle = Automatic;
					};
				};
			};
			buildConfigurationList = 74EED5071F7494F40087B6BC /* Build configuration list for PBXProject "MemeMe" */;
			compatibilityVersion = "Xcode 8.0";
			developmentRegion = en;
			hasScannedForEncodings = 0;
			knownRegions = (
				en,
				Base,
			);
			mainGroup = 74EED5031F7494F40087B6BC;
			productRefGroup = 74EED50D1F7494F50087B6BC /* Products */;
			projectDirPath = "";
			projectRoot = "";
			targets = (
				74EED50B1F7494F50087B6BC /* MemeMe */,
			);
		};
/* End PBXProject section */

/* Begin PBXResourcesBuildPhase section */
		74EED50A1F7494F50087B6BC /* Resources */ = {
			isa = PBXResourcesBuildPhase;
			buildActionMask = 2147483647;
			files = (
				7449A04F1F79E4FB00F46AF8 /* impact.ttf in Resources */,
				74EED51A1F7494F50087B6BC /* LaunchScreen.storyboard in Resources */,
				74EED5171F7494F50087B6BC /* Assets.xcassets in Resources */,
				74EED5151F7494F50087B6BC /* Main.storyboard in Resources */,
			);
			runOnlyForDeploymentPostprocessing = 0;
		};
/* End PBXResourcesBuildPhase section */

/* Begin PBXSourcesBuildPhase section */
		74EED5081F7494F50087B6BC /* Sources */ = {
			isa = PBXSourcesBuildPhase;
			buildActionMask = 2147483647;
			files = (
				7449A0501F79E54700F46AF8 /* impact.ttf in Sources */,
				7419C3E61F75FC220062981C /* TextFieldDelegate.swift in Sources */,
				7492073B1F76070500EA84E3 /* ViewController+KeyboardExtension.swift in Sources */,
				74EED5121F7494F50087B6BC /* ViewController.swift in Sources */,
				74EED5101F7494F50087B6BC /* AppDelegate.swift in Sources */,
				74D569C71F78958D0039F861 /* Meme.swift in Sources */,
			);
			runOnlyForDeploymentPostprocessing = 0;
		};
/* End PBXSourcesBuildPhase section */

/* Begin PBXVariantGroup section */
		74EED5131F7494F50087B6BC /* Main.storyboard */ = {
			isa = PBXVariantGroup;
			children = (
				74EED5141F7494F50087B6BC /* Base */,
			);
			name = Main.storyboard;
			sourceTree = "<group>";
		};
		74EED5181F7494F50087B6BC /* LaunchScreen.storyboard */ = {
			isa = PBXVariantGroup;
			children = (
				74EED5191F7494F50087B6BC /* Base */,
			);
			name = LaunchScreen.storyboard;
			sourceTree = "<group>";
		};
/* End PBXVariantGroup section */

/* Begin XCBuildConfiguration section */
		74EED51C1F7494F50087B6BC /* Debug */ = {
			isa = XCBuildConfiguration;
			buildSettings = {
				ALWAYS_SEARCH_USER_PATHS = NO;
				CLANG_ANALYZER_NONNULL = YES;
				CLANG_ANALYZER_NUMBER_OBJECT_CONVERSION = YES_AGGRESSIVE;
				CLANG_CXX_LANGUAGE_STANDARD = "gnu++14";
				CLANG_CXX_LIBRARY = "libc++";
				CLANG_ENABLE_MODULES = YES;
				CLANG_ENABLE_OBJC_ARC = YES;
				CLANG_WARN_BLOCK_CAPTURE_AUTORELEASING = YES;
				CLANG_WARN_BOOL_CONVERSION = YES;
				CLANG_WARN_COMMA = YES;
				CLANG_WARN_CONSTANT_CONVERSION = YES;
				CLANG_WARN_DIRECT_OBJC_ISA_USAGE = YES_ERROR;
				CLANG_WARN_DOCUMENTATION_COMMENTS = YES;
				CLANG_WARN_EMPTY_BODY = YES;
				CLANG_WARN_ENUM_CONVERSION = YES;
				CLANG_WARN_INFINITE_RECURSION = YES;
				CLANG_WARN_INT_CONVERSION = YES;
				CLANG_WARN_NON_LITERAL_NULL_CONVERSION = YES;
				CLANG_WARN_OBJC_LITERAL_CONVERSION = YES;
				CLANG_WARN_OBJC_ROOT_CLASS = YES_ERROR;
				CLANG_WARN_RANGE_LOOP_ANALYSIS = YES;
				CLANG_WARN_STRICT_PROTOTYPES = YES;
				CLANG_WARN_SUSPICIOUS_MOVE = YES;
				CLANG_WARN_UNGUARDED_AVAILABILITY = YES_AGGRESSIVE;
				CLANG_WARN_UNREACHABLE_CODE = YES;
				CLANG_WARN__DUPLICATE_METHOD_MATCH = YES;
				CODE_SIGN_IDENTITY = "iPhone Developer";
				COPY_PHASE_STRIP = NO;
				DEBUG_INFORMATION_FORMAT = dwarf;
				ENABLE_STRICT_OBJC_MSGSEND = YES;
				ENABLE_TESTABILITY = YES;
				GCC_C_LANGUAGE_STANDARD = gnu11;
				GCC_DYNAMIC_NO_PIC = NO;
				GCC_NO_COMMON_BLOCKS = YES;
				GCC_OPTIMIZATION_LEVEL = 0;
				GCC_PREPROCESSOR_DEFINITIONS = (
					"DEBUG=1",
					"$(inherited)",
				);
				GCC_WARN_64_TO_32_BIT_CONVERSION = YES;
				GCC_WARN_ABOUT_RETURN_TYPE = YES_ERROR;
				GCC_WARN_UNDECLARED_SELECTOR = YES;
				GCC_WARN_UNINITIALIZED_AUTOS = YES_AGGRESSIVE;
				GCC_WARN_UNUSED_FUNCTION = YES;
				GCC_WARN_UNUSED_VARIABLE = YES;
				IPHONEOS_DEPLOYMENT_TARGET = 11.0;
				MTL_ENABLE_DEBUG_INFO = YES;
				ONLY_ACTIVE_ARCH = YES;
				SDKROOT = iphoneos;
				SWIFT_ACTIVE_COMPILATION_CONDITIONS = DEBUG;
				SWIFT_OPTIMIZATION_LEVEL = "-Onone";
			};
			name = Debug;
		};
		74EED51D1F7494F50087B6BC /* Release */ = {
			isa = XCBuildConfiguration;
			buildSettings = {
				ALWAYS_SEARCH_USER_PATHS = NO;
				CLANG_ANALYZER_NONNULL = YES;
				CLANG_ANALYZER_NUMBER_OBJECT_CONVERSION = YES_AGGRESSIVE;
				CLANG_CXX_LANGUAGE_STANDARD = "gnu++14";
				CLANG_CXX_LIBRARY = "libc++";
				CLANG_ENABLE_MODULES = YES;
				CLANG_ENABLE_OBJC_ARC = YES;
				CLANG_WARN_BLOCK_CAPTURE_AUTORELEASING = YES;
				CLANG_WARN_BOOL_CONVERSION = YES;
				CLANG_WARN_COMMA = YES;
				CLANG_WARN_CONSTANT_CONVERSION = YES;
				CLANG_WARN_DIRECT_OBJC_ISA_USAGE = YES_ERROR;
				CLANG_WARN_DOCUMENTATION_COMMENTS = YES;
				CLANG_WARN_EMPTY_BODY = YES;
				CLANG_WARN_ENUM_CONVERSION = YES;
				CLANG_WARN_INFINITE_RECURSION = YES;
				CLANG_WARN_INT_CONVERSION = YES;
				CLANG_WARN_NON_LITERAL_NULL_CONVERSION = YES;
				CLANG_WARN_OBJC_LITERAL_CONVERSION = YES;
				CLANG_WARN_OBJC_ROOT_CLASS = YES_ERROR;
				CLANG_WARN_RANGE_LOOP_ANALYSIS = YES;
				CLANG_WARN_STRICT_PROTOTYPES = YES;
				CLANG_WARN_SUSPICIOUS_MOVE = YES;
				CLANG_WARN_UNGUARDED_AVAILABILITY = YES_AGGRESSIVE;
				CLANG_WARN_UNREACHABLE_CODE = YES;
				CLANG_WARN__DUPLICATE_METHOD_MATCH = YES;
				CODE_SIGN_IDENTITY = "iPhone Developer";
				COPY_PHASE_STRIP = NO;
				DEBUG_INFORMATION_FORMAT = "dwarf-with-dsym";
				ENABLE_NS_ASSERTIONS = NO;
				ENABLE_STRICT_OBJC_MSGSEND = YES;
				GCC_C_LANGUAGE_STANDARD = gnu11;
				GCC_NO_COMMON_BLOCKS = YES;
				GCC_WARN_64_TO_32_BIT_CONVERSION = YES;
				GCC_WARN_ABOUT_RETURN_TYPE = YES_ERROR;
				GCC_WARN_UNDECLARED_SELECTOR = YES;
				GCC_WARN_UNINITIALIZED_AUTOS = YES_AGGRESSIVE;
				GCC_WARN_UNUSED_FUNCTION = YES;
				GCC_WARN_UNUSED_VARIABLE = YES;
				IPHONEOS_DEPLOYMENT_TARGET = 11.0;
				MTL_ENABLE_DEBUG_INFO = NO;
				SDKROOT = iphoneos;
				SWIFT_OPTIMIZATION_LEVEL = "-Owholemodule";
				VALIDATE_PRODUCT = YES;
			};
			name = Release;
		};
		74EED51F1F7494F50087B6BC /* Debug */ = {
			isa = XCBuildConfiguration;
			buildSettings = {
				ASSETCATALOG_COMPILER_APPICON_NAME = AppIcon;
				ASSETCATALOG_COMPILER_LAUNCHIMAGE_NAME = LaunchImage;
				CODE_SIGN_STYLE = Automatic;
				DEVELOPMENT_TEAM = MG2UCY5382;
				INFOPLIST_FILE = "$(SRCROOT)/MemeMe/Info.plist";
				LD_RUNPATH_SEARCH_PATHS = "$(inherited) @executable_path/Frameworks";
				PRODUCT_BUNDLE_IDENTIFIER = "br.com.tntstudios.MemeMe-1";
				PRODUCT_NAME = "$(TARGET_NAME)";
				SWIFT_VERSION = 4.0;
				TARGETED_DEVICE_FAMILY = "1,2";
			};
			name = Debug;
		};
		74EED5201F7494F50087B6BC /* Release */ = {
			isa = XCBuildConfiguration;
			buildSettings = {
				ASSETCATALOG_COMPILER_APPICON_NAME = AppIcon;
				ASSETCATALOG_COMPILER_LAUNCHIMAGE_NAME = LaunchImage;
				CODE_SIGN_STYLE = Automatic;
				DEVELOPMENT_TEAM = MG2UCY5382;
				INFOPLIST_FILE = "$(SRCROOT)/MemeMe/Info.plist";
				LD_RUNPATH_SEARCH_PATHS = "$(inherited) @executable_path/Frameworks";
				PRODUCT_BUNDLE_IDENTIFIER = "br.com.tntstudios.MemeMe-1";
				PRODUCT_NAME = "$(TARGET_NAME)";
				SWIFT_VERSION = 4.0;
				TARGETED_DEVICE_FAMILY = "1,2";
			};
			name = Release;
		};
/* End XCBuildConfiguration section */

/* Begin XCConfigurationList section */
		74EED5071F7494F40087B6BC /* Build configuration list for PBXProject "MemeMe" */ = {
			isa = XCConfigurationList;
			buildConfigurations = (
				74EED51C1F7494F50087B6BC /* Debug */,
				74EED51D1F7494F50087B6BC /* Release */,
			);
			defaultConfigurationIsVisible = 0;
			defaultConfigurationName = Release;
		};
		74EED51E1F7494F50087B6BC /* Build configuration list for PBXNativeTarget "MemeMe" */ = {
			isa = XCConfigurationList;
			buildConfigurations = (
				74EED51F1F7494F50087B6BC /* Debug */,
				74EED5201F7494F50087B6BC /* Release */,
			);
			defaultConfigurationIsVisible = 0;
			defaultConfigurationName = Release;
		};
/* End XCConfigurationList section */
	};
	rootObject = 74EED5041F7494F40087B6BC /* Project object */;
}
